github.com/HugoBlox/hugo-blox-builder/modules/blox-plugin-netlify v1.2.1-0.20251207072655-38f176a75986 h1:6zSGInWUxjcCqB7QJcWAIC75oSf9xVi/RxFWPvKLOaI=
github.com/HugoBlox/hugo-blox-builder/modules/blox-plugin-netlify v1.2.1-0.20251207072655-38f176a75986/go.mod h1:C7jfxMLv1bEUqbM9XDSmEpfOpS8w06OgqNDEcbuRgL4=
github.com/HugoBlox/hugo-blox-builder/modules/blox-tailwind v0.10.1-0.20251207072655-38f176a75986 h1:3010Qj58nPcK07CMEoraIXOB80sAYY76tDJBE9ZADiY=
github.com/HugoBlox/hugo-blox-builder/modules/blox-tailwind v0.10.1-0.20251207072655-38f176a75986/go.mod h1:blQEm4Y+xVVX9OTVDnO+p0MwHTy3hQdpU6pZK659DiI=
