github.com/HugoBlox/hugo-blox-builder/modules/blox-plugin-netlify v1.2.1-0.20251218230351-58718ebaeca4 h1:v/4je+DyMGcuX/IhS/OAzergE6ORR/ga48R0eN6Bwvk=
github.com/HugoBlox/hugo-blox-builder/modules/blox-plugin-netlify v1.2.1-0.20251218230351-58718ebaeca4/go.mod h1:C7jfxMLv1bEUqbM9XDSmEpfOpS8w06OgqNDEcbuRgL4=
github.com/HugoBlox/hugo-blox-builder/modules/blox-tailwind v0.10.1-0.20251218230351-58718ebaeca4 h1:OdfVSrbjhpDTItvV8RlhnRplb+ryxqmrw3pITSMEfgo=
github.com/HugoBlox/hugo-blox-builder/modules/blox-tailwind v0.10.1-0.20251218230351-58718ebaeca4/go.mod h1:blQEm4Y+xVVX9OTVDnO+p0MwHTy3hQdpU6pZK659DiI=
